
Microsoft Visual Studio Solution File, Format Version 12.00
# Visual Studio Version 16
VisualStudioVersion = 16.0.30002.166
MinimumVisualStudioVersion = 10.0.40219.1
Project("{FAE04EC0-301F-11D3-BF4B-00C04F79EFBC}") = "Car-Rental", "Car-Rental\Car-Rental.csproj", "{7C51549C-DBA9-49A8-92B9-5C4DBDA1742F}"
EndProject
Global
	GlobalSection(SolutionConfigurationPlatforms) = preSolution
		Debug|Any CPU = Debug|Any CPU
		Release|Any CPU = Release|Any CPU
	EndGlobalSection
	GlobalSection(ProjectConfigurationPlatforms) = postSolution
		{7C51549C-DBA9-49A8-92B9-5C4DBDA1742F}.Debug|Any CPU.ActiveCfg = Debug|Any CPU
		{7C51549C-DBA9-49A8-92B9-5C4DBDA1742F}.Debug|Any CPU.Build.0 = Debug|Any CPU
		{7C51549C-DBA9-49A8-92B9-5C4DBDA1742F}.Release|Any CPU.ActiveCfg = Release|Any CPU
		{7C51549C-DBA9-49A8-92B9-5C4DBDA1742F}.Release|Any CPU.Build.0 = Release|Any CPU
	EndGlobalSection
	GlobalSection(SolutionProperties) = preSolution
		HideSolutionNode = FALSE
	EndGlobalSection
	GlobalSection(ExtensibilityGlobals) = postSolution
		SolutionGuid = {BCDD63EA-8E58-43A7-837E-D152CB0C5304}
	EndGlobalSection
EndGlobal
